
Microsoft Visual Studio Solution File, Format Version 12.00
# Visual Studio Version 16
VisualStudioVersion = 16.0.30804.86
MinimumVisualStudioVersion = 10.0.40219.1
Project("{FAE04EC0-301F-11D3-BF4B-00C04F79EFBC}") = "WpfAppPicLotGame", "WpfAppPicLotGame\WpfAppPicLotGame.csproj", "{BBBAD5EC-6629-4386-ABB5-C10298BDD865}"
EndProject
Project("{9A19103F-16F7-4668-BE54-9A1E7A4F7556}") = "dotCoreConsole1", "dotCoreConsole1\dotCoreConsole1.csproj", "{A1D0A84A-761F-4439-AE50-B8A4297A2807}"
EndProject
Project("{FAE04EC0-301F-11D3-BF4B-00C04F79EFBC}") = "WpfAppUIControls", "WpfAppUIControls\WpfAppUIControls.csproj", "{D2115C18-D962-434C-A768-257B916CC2E3}"
EndProject
Global
	GlobalSection(SolutionConfigurationPlatforms) = preSolution
		Debug|Any CPU = Debug|Any CPU
		Release|Any CPU = Release|Any CPU
	EndGlobalSection
	GlobalSection(ProjectConfigurationPlatforms) = postSolution
		{BBBAD5EC-6629-4386-ABB5-C10298BDD865}.Debug|Any CPU.ActiveCfg = Debug|Any CPU
		{BBBAD5EC-6629-4386-ABB5-C10298BDD865}.Debug|Any CPU.Build.0 = Debug|Any CPU
		{BBBAD5EC-6629-4386-ABB5-C10298BDD865}.Release|Any CPU.ActiveCfg = Release|Any CPU
		{BBBAD5EC-6629-4386-ABB5-C10298BDD865}.Release|Any CPU.Build.0 = Release|Any CPU
		{A1D0A84A-761F-4439-AE50-B8A4297A2807}.Debug|Any CPU.ActiveCfg = Debug|Any CPU
		{A1D0A84A-761F-4439-AE50-B8A4297A2807}.Debug|Any CPU.Build.0 = Debug|Any CPU
		{A1D0A84A-761F-4439-AE50-B8A4297A2807}.Release|Any CPU.ActiveCfg = Release|Any CPU
		{A1D0A84A-761F-4439-AE50-B8A4297A2807}.Release|Any CPU.Build.0 = Release|Any CPU
		{D2115C18-D962-434C-A768-257B916CC2E3}.Debug|Any CPU.ActiveCfg = Debug|Any CPU
		{D2115C18-D962-434C-A768-257B916CC2E3}.Debug|Any CPU.Build.0 = Debug|Any CPU
		{D2115C18-D962-434C-A768-257B916CC2E3}.Release|Any CPU.ActiveCfg = Release|Any CPU
		{D2115C18-D962-434C-A768-257B916CC2E3}.Release|Any CPU.Build.0 = Release|Any CPU
	EndGlobalSection
	GlobalSection(SolutionProperties) = preSolution
		HideSolutionNode = FALSE
	EndGlobalSection
	GlobalSection(ExtensibilityGlobals) = postSolution
		SolutionGuid = {08ED5F86-6FC9-47A5-9FAB-0C0A12846307}
	EndGlobalSection
EndGlobal
